
Microsoft Visual Studio Solution File, Format Version 12.00
# Visual Studio Version 17
VisualStudioVersion = 17.7.34202.233
MinimumVisualStudioVersion = 10.0.40219.1
Project("{FAE04EC0-301F-11D3-BF4B-00C04F79EFBC}") = "Labb6", "Labb6.csproj", "{03627D9B-D72D-442D-8F50-8136BD37A983}"
EndProject
Global
	GlobalSection(SolutionConfigurationPlatforms) = preSolution
		Debug|Any CPU = Debug|Any CPU
		Release|Any CPU = Release|Any CPU
	EndGlobalSection
	GlobalSection(ProjectConfigurationPlatforms) = postSolution
		{03627D9B-D72D-442D-8F50-8136BD37A983}.Debug|Any CPU.ActiveCfg = Debug|Any CPU
		{03627D9B-D72D-442D-8F50-8136BD37A983}.Debug|Any CPU.Build.0 = Debug|Any CPU
		{03627D9B-D72D-442D-8F50-8136BD37A983}.Release|Any CPU.ActiveCfg = Release|Any CPU
		{03627D9B-D72D-442D-8F50-8136BD37A983}.Release|Any CPU.Build.0 = Release|Any CPU
	EndGlobalSection
	GlobalSection(SolutionProperties) = preSolution
		HideSolutionNode = FALSE
	EndGlobalSection
	GlobalSection(ExtensibilityGlobals) = postSolution
		SolutionGuid = {8928A4AE-188E-4130-ADD6-5F6A6BF60613}
	EndGlobalSection
EndGlobal
